
Microsoft Visual Studio Solution File, Format Version 12.00
# Visual Studio 15
VisualStudioVersion = 15.0.28307.852
MinimumVisualStudioVersion = 10.0.40219.1
Project("{FAE04EC0-301F-11D3-BF4B-00C04F79EFBC}") = "SpellTheNumber_Unit_Tests", "SpellTheNumber_Unit_Tests\SpellTheNumber_Unit_Tests.csproj", "{8C2FA47A-929A-4C2F-8CA0-DF4E3763B812}"
EndProject
Project("{FAE04EC0-301F-11D3-BF4B-00C04F79EFBC}") = "Spell_The_Number", "Spell_The_Number\Spell_The_Number.csproj", "{FE448C79-8BDA-4DBA-8D5A-B41F8CC08690}"
EndProject
Global
	GlobalSection(SolutionConfigurationPlatforms) = preSolution
		Debug|Any CPU = Debug|Any CPU
		Release|Any CPU = Release|Any CPU
	EndGlobalSection
	GlobalSection(ProjectConfigurationPlatforms) = postSolution
		{8C2FA47A-929A-4C2F-8CA0-DF4E3763B812}.Debug|Any CPU.ActiveCfg = Debug|Any CPU
		{8C2FA47A-929A-4C2F-8CA0-DF4E3763B812}.Debug|Any CPU.Build.0 = Debug|Any CPU
		{8C2FA47A-929A-4C2F-8CA0-DF4E3763B812}.Release|Any CPU.ActiveCfg = Release|Any CPU
		{8C2FA47A-929A-4C2F-8CA0-DF4E3763B812}.Release|Any CPU.Build.0 = Release|Any CPU
		{FE448C79-8BDA-4DBA-8D5A-B41F8CC08690}.Debug|Any CPU.ActiveCfg = Debug|Any CPU
		{FE448C79-8BDA-4DBA-8D5A-B41F8CC08690}.Debug|Any CPU.Build.0 = Debug|Any CPU
		{FE448C79-8BDA-4DBA-8D5A-B41F8CC08690}.Release|Any CPU.ActiveCfg = Release|Any CPU
		{FE448C79-8BDA-4DBA-8D5A-B41F8CC08690}.Release|Any CPU.Build.0 = Release|Any CPU
	EndGlobalSection
	GlobalSection(SolutionProperties) = preSolution
		HideSolutionNode = FALSE
	EndGlobalSection
	GlobalSection(ExtensibilityGlobals) = postSolution
		SolutionGuid = {60369503-5FFB-41F0-93E7-7038D41A9520}
	EndGlobalSection
EndGlobal
